
Microsoft Visual Studio Solution File, Format Version 12.00
# Visual Studio Version 16
VisualStudioVersion = 16.0.30523.141
MinimumVisualStudioVersion = 10.0.40219.1
Project("{FAE04EC0-301F-11D3-BF4B-00C04F79EFBC}") = "Project1", "Project1\Project1.csproj", "{2023A285-4DD9-4A25-BD72-5CA334E85872}"
EndProject
Global
	GlobalSection(SolutionConfigurationPlatforms) = preSolution
		Debug|Any CPU = Debug|Any CPU
		Release|Any CPU = Release|Any CPU
	EndGlobalSection
	GlobalSection(ProjectConfigurationPlatforms) = postSolution
		{2023A285-4DD9-4A25-BD72-5CA334E85872}.Debug|Any CPU.ActiveCfg = Debug|Any CPU
		{2023A285-4DD9-4A25-BD72-5CA334E85872}.Debug|Any CPU.Build.0 = Debug|Any CPU
		{2023A285-4DD9-4A25-BD72-5CA334E85872}.Release|Any CPU.ActiveCfg = Release|Any CPU
		{2023A285-4DD9-4A25-BD72-5CA334E85872}.Release|Any CPU.Build.0 = Release|Any CPU
	EndGlobalSection
	GlobalSection(SolutionProperties) = preSolution
		HideSolutionNode = FALSE
	EndGlobalSection
	GlobalSection(ExtensibilityGlobals) = postSolution
		SolutionGuid = {5BF88D3B-324E-4FB4-B037-C0FD99F43C53}
	EndGlobalSection
EndGlobal
